
Microsoft Visual Studio Solution File, Format Version 12.00
# Visual Studio Version 17
VisualStudioVersion = 17.9.34607.119
MinimumVisualStudioVersion = 10.0.40219.1
Project("{FAE04EC0-301F-11D3-BF4B-00C04F79EFBC}") = "Ritati vs örkki", "Ritati vs örkki.csproj", "{812A93D0-FCB3-4A5B-9509-6768E3C751F8}"
EndProject
Global
	GlobalSection(SolutionConfigurationPlatforms) = preSolution
		Debug|Any CPU = Debug|Any CPU
		Release|Any CPU = Release|Any CPU
	EndGlobalSection
	GlobalSection(ProjectConfigurationPlatforms) = postSolution
		{812A93D0-FCB3-4A5B-9509-6768E3C751F8}.Debug|Any CPU.ActiveCfg = Debug|Any CPU
		{812A93D0-FCB3-4A5B-9509-6768E3C751F8}.Debug|Any CPU.Build.0 = Debug|Any CPU
		{812A93D0-FCB3-4A5B-9509-6768E3C751F8}.Release|Any CPU.ActiveCfg = Release|Any CPU
		{812A93D0-FCB3-4A5B-9509-6768E3C751F8}.Release|Any CPU.Build.0 = Release|Any CPU
	EndGlobalSection
	GlobalSection(SolutionProperties) = preSolution
		HideSolutionNode = FALSE
	EndGlobalSection
	GlobalSection(ExtensibilityGlobals) = postSolution
		SolutionGuid = {AA6B728C-86BC-49AB-BEE6-AA864358CF73}
	EndGlobalSection
EndGlobal
