
Microsoft Visual Studio Solution File, Format Version 12.00
# Visual Studio Version 17
VisualStudioVersion = 17.13.35806.99 d17.13
MinimumVisualStudioVersion = 10.0.40219.1
Project("{FAE04EC0-301F-11D3-BF4B-00C04F79EFBC}") = "Ruudukko_koordinaatisto", "Ruudukko_koordinaatisto.csproj", "{AA8A9407-9CD4-4B7E-B189-43EC9A30BE47}"
EndProject
Global
	GlobalSection(SolutionConfigurationPlatforms) = preSolution
		Debug|Any CPU = Debug|Any CPU
		Release|Any CPU = Release|Any CPU
	EndGlobalSection
	GlobalSection(ProjectConfigurationPlatforms) = postSolution
		{AA8A9407-9CD4-4B7E-B189-43EC9A30BE47}.Debug|Any CPU.ActiveCfg = Debug|Any CPU
		{AA8A9407-9CD4-4B7E-B189-43EC9A30BE47}.Debug|Any CPU.Build.0 = Debug|Any CPU
		{AA8A9407-9CD4-4B7E-B189-43EC9A30BE47}.Release|Any CPU.ActiveCfg = Release|Any CPU
		{AA8A9407-9CD4-4B7E-B189-43EC9A30BE47}.Release|Any CPU.Build.0 = Release|Any CPU
	EndGlobalSection
	GlobalSection(SolutionProperties) = preSolution
		HideSolutionNode = FALSE
	EndGlobalSection
	GlobalSection(ExtensibilityGlobals) = postSolution
		SolutionGuid = {7C4D1313-4223-4F07-8645-70BA2795C1B9}
	EndGlobalSection
EndGlobal
